
Microsoft Visual Studio Solution File, Format Version 12.00
# Visual Studio Version 17
VisualStudioVersion = 17.5.002.0
MinimumVisualStudioVersion = 10.0.40219.1
Project("{9A19103F-16F7-4668-BE54-9A1E7A4F7556}") = "ZenonWalletApi", "ZenonWalletApi\ZenonWalletApi.csproj", "{5AA70448-E898-41CA-9782-A278D54E044E}"
EndProject
Global
	GlobalSection(SolutionConfigurationPlatforms) = preSolution
		Debug|Any CPU = Debug|Any CPU
		Release|Any CPU = Release|Any CPU
	EndGlobalSection
	GlobalSection(ProjectConfigurationPlatforms) = postSolution
		{5AA70448-E898-41CA-9782-A278D54E044E}.Debug|Any CPU.ActiveCfg = Debug|Any CPU
		{5AA70448-E898-41CA-9782-A278D54E044E}.Debug|Any CPU.Build.0 = Debug|Any CPU
		{5AA70448-E898-41CA-9782-A278D54E044E}.Release|Any CPU.ActiveCfg = Release|Any CPU
		{5AA70448-E898-41CA-9782-A278D54E044E}.Release|Any CPU.Build.0 = Release|Any CPU
	EndGlobalSection
	GlobalSection(SolutionProperties) = preSolution
		HideSolutionNode = FALSE
	EndGlobalSection
	GlobalSection(ExtensibilityGlobals) = postSolution
		SolutionGuid = {F2F524CC-FA13-4FE7-89CC-F992EBDC3214}
	EndGlobalSection
EndGlobal
